
Microsoft Visual Studio Solution File, Format Version 12.00
# Visual Studio Version 16
VisualStudioVersion = 16.0.31702.278
MinimumVisualStudioVersion = 10.0.40219.1
Project("{FAE04EC0-301F-11D3-BF4B-00C04F79EFBC}") = "classOrnegi", "classOrnegi.csproj", "{619CECF3-74D3-4233-83E8-B0DF207641FE}"
EndProject
Global
	GlobalSection(SolutionConfigurationPlatforms) = preSolution
		Debug|Any CPU = Debug|Any CPU
		Release|Any CPU = Release|Any CPU
	EndGlobalSection
	GlobalSection(ProjectConfigurationPlatforms) = postSolution
		{619CECF3-74D3-4233-83E8-B0DF207641FE}.Debug|Any CPU.ActiveCfg = Debug|Any CPU
		{619CECF3-74D3-4233-83E8-B0DF207641FE}.Debug|Any CPU.Build.0 = Debug|Any CPU
		{619CECF3-74D3-4233-83E8-B0DF207641FE}.Release|Any CPU.ActiveCfg = Release|Any CPU
		{619CECF3-74D3-4233-83E8-B0DF207641FE}.Release|Any CPU.Build.0 = Release|Any CPU
	EndGlobalSection
	GlobalSection(SolutionProperties) = preSolution
		HideSolutionNode = FALSE
	EndGlobalSection
	GlobalSection(ExtensibilityGlobals) = postSolution
		SolutionGuid = {AEAE081A-22E1-445F-AEF9-08B2E24658E1}
	EndGlobalSection
EndGlobal
